// !$*UTF8*$!
{
	archiveVersion = 1;
	classes = {
	};
	objectVersion = 56;
	objects = {

/* Begin PBXBuildFile section */
		894C3CCA29B20F5B00A4D999 /* Storage.swift in Sources */ = {isa = PBXBuildFile; fileRef = 894C3CC929B20F5B00A4D999 /* Storage.swift */; };
		89C2423F29893418009BCB3D /* IForgotApp.swift in Sources */ = {isa = PBXBuildFile; fileRef = 89C2423E29893418009BCB3D /* IForgotApp.swift */; };
		89C2424129893418009BCB3D /* SplashView.swift in Sources */ = {isa = PBXBuildFile; fileRef = 89C2424029893418009BCB3D /* SplashView.swift */; };
		89C2424329893419009BCB3D /* Assets.xcassets in Resources */ = {isa = PBXBuildFile; fileRef = 89C2424229893419009BCB3D /* Assets.xcassets */; };
		89C2424629893419009BCB3D /* Preview Assets.xcassets in Resources */ = {isa = PBXBuildFile; fileRef = 89C2424529893419009BCB3D /* Preview Assets.xcassets */; };
		89C2425029893419009BCB3D /* IForgotTests.swift in Sources */ = {isa = PBXBuildFile; fileRef = 89C2424F29893419009BCB3D /* IForgotTests.swift */; };
		89C2425A29893419009BCB3D /* IForgotUITests.swift in Sources */ = {isa = PBXBuildFile; fileRef = 89C2425929893419009BCB3D /* IForgotUITests.swift */; };
		89C2425C29893419009BCB3D /* IForgotUITestsLaunchTests.swift in Sources */ = {isa = PBXBuildFile; fileRef = 89C2425B29893419009BCB3D /* IForgotUITestsLaunchTests.swift */; };
		89D3B6A929B11D37005D5EBD /* DetailEditView.swift in Sources */ = {isa = PBXBuildFile; fileRef = 89D3B6A829B11D37005D5EBD /* DetailEditView.swift */; };
		BC88FEE8299CD8850045E337 /* DetailView.swift in Sources */ = {isa = PBXBuildFile; fileRef = BC88FEE7299CD8850045E337 /* DetailView.swift */; };
		BC88FEF1299CE5D60045E337 /* ContentView.swift in Sources */ = {isa = PBXBuildFile; fileRef = BC88FEF0299CE5D60045E337 /* ContentView.swift */; };
		BCA98AB829AE219F00E5176A /* WrappingHStack in Frameworks */ = {isa = PBXBuildFile; productRef = BCA98AB729AE219F00E5176A /* WrappingHStack */; };
		BCFC26F829AE0C6A0007D6A3 /* NasaAPIModel.swift in Sources */ = {isa = PBXBuildFile; fileRef = BC88FEEE299CDED60045E337 /* NasaAPIModel.swift */; };
		BCFC26FA29AE0F260007D6A3 /* NasaList.swift in Sources */ = {isa = PBXBuildFile; fileRef = BCFC26F929AE0F260007D6A3 /* NasaList.swift */; };
/* End PBXBuildFile section */

/* Begin PBXContainerItemProxy section */
		89C2424C29893419009BCB3D /* PBXContainerItemProxy */ = {
			isa = PBXContainerItemProxy;
			containerPortal = 89C2423329893418009BCB3D /* Project object */;
			proxyType = 1;
			remoteGlobalIDString = 89C2423A29893418009BCB3D;
			remoteInfo = IForgot;
		};
		89C2425629893419009BCB3D /* PBXContainerItemProxy */ = {
			isa = PBXContainerItemProxy;
			containerPortal = 89C2423329893418009BCB3D /* Project object */;
			proxyType = 1;
			remoteGlobalIDString = 89C2423A29893418009BCB3D;
			remoteInfo = IForgot;
		};
/* End PBXContainerItemProxy section */

/* Begin PBXFileReference section */
		894C3CC929B20F5B00A4D999 /* Storage.swift */ = {isa = PBXFileReference; lastKnownFileType = sourcecode.swift; path = Storage.swift; sourceTree = "<group>"; };
		89C2423B29893418009BCB3D /* IForgot.app */ = {isa = PBXFileReference; explicitFileType = wrapper.application; includeInIndex = 0; path = IForgot.app; sourceTree = BUILT_PRODUCTS_DIR; };
		89C2423E29893418009BCB3D /* IForgotApp.swift */ = {isa = PBXFileReference; lastKnownFileType = sourcecode.swift; path = IForgotApp.swift; sourceTree = "<group>"; };
		89C2424029893418009BCB3D /* SplashView.swift */ = {isa = PBXFileReference; lastKnownFileType = sourcecode.swift; path = SplashView.swift; sourceTree = "<group>"; };
		89C2424229893419009BCB3D /* Assets.xcassets */ = {isa = PBXFileReference; lastKnownFileType = folder.assetcatalog; path = Assets.xcassets; sourceTree = "<group>"; };
		89C2424529893419009BCB3D /* Preview Assets.xcassets */ = {isa = PBXFileReference; lastKnownFileType = folder.assetcatalog; path = "Preview Assets.xcassets"; sourceTree = "<group>"; };
		89C2424B29893419009BCB3D /* IForgotTests.xctest */ = {isa = PBXFileReference; explicitFileType = wrapper.cfbundle; includeInIndex = 0; path = IForgotTests.xctest; sourceTree = BUILT_PRODUCTS_DIR; };
		89C2424F29893419009BCB3D /* IForgotTests.swift */ = {isa = PBXFileReference; lastKnownFileType = sourcecode.swift; path = IForgotTests.swift; sourceTree = "<group>"; };
		89C2425529893419009BCB3D /* IForgotUITests.xctest */ = {isa = PBXFileReference; explicitFileType = wrapper.cfbundle; includeInIndex = 0; path = IForgotUITests.xctest; sourceTree = BUILT_PRODUCTS_DIR; };
		89C2425929893419009BCB3D /* IForgotUITests.swift */ = {isa = PBXFileReference; lastKnownFileType = sourcecode.swift; path = IForgotUITests.swift; sourceTree = "<group>"; };
		89C2425B29893419009BCB3D /* IForgotUITestsLaunchTests.swift */ = {isa = PBXFileReference; lastKnownFileType = sourcecode.swift; path = IForgotUITestsLaunchTests.swift; sourceTree = "<group>"; };
		89D3B6A829B11D37005D5EBD /* DetailEditView.swift */ = {isa = PBXFileReference; lastKnownFileType = sourcecode.swift; path = DetailEditView.swift; sourceTree = "<group>"; };
		BC88FEE7299CD8850045E337 /* DetailView.swift */ = {isa = PBXFileReference; lastKnownFileType = sourcecode.swift; path = DetailView.swift; sourceTree = "<group>"; };
		BC88FEEE299CDED60045E337 /* NasaAPIModel.swift */ = {isa = PBXFileReference; lastKnownFileType = sourcecode.swift; path = NasaAPIModel.swift; sourceTree = "<group>"; };
		BC88FEF0299CE5D60045E337 /* ContentView.swift */ = {isa = PBXFileReference; lastKnownFileType = sourcecode.swift; path = ContentView.swift; sourceTree = "<group>"; };
		BCFC26F929AE0F260007D6A3 /* NasaList.swift */ = {isa = PBXFileReference; lastKnownFileType = sourcecode.swift; path = NasaList.swift; sourceTree = "<group>"; };
/* End PBXFileReference section */

/* Begin PBXFrameworksBuildPhase section */
		89C2423829893418009BCB3D /* Frameworks */ = {
			isa = PBXFrameworksBuildPhase;
			buildActionMask = 2147483647;
			files = (
				BCA98AB829AE219F00E5176A /* WrappingHStack in Frameworks */,
			);
			runOnlyForDeploymentPostprocessing = 0;
		};
		89C2424829893419009BCB3D /* Frameworks */ = {
			isa = PBXFrameworksBuildPhase;
			buildActionMask = 2147483647;
			files = (
			);
			runOnlyForDeploymentPostprocessing = 0;
		};
		89C2425229893419009BCB3D /* Frameworks */ = {
			isa = PBXFrameworksBuildPhase;
			buildActionMask = 2147483647;
			files = (
			);
			runOnlyForDeploymentPostprocessing = 0;
		};
/* End PBXFrameworksBuildPhase section */

/* Begin PBXGroup section */
		89C2423229893418009BCB3D = {
			isa = PBXGroup;
			children = (
				89C2423D29893418009BCB3D /* IForgot */,
				89C2424E29893419009BCB3D /* IForgotTests */,
				89C2425829893419009BCB3D /* IForgotUITests */,
				89C2423C29893418009BCB3D /* Products */,
			);
			sourceTree = "<group>";
		};
		89C2423C29893418009BCB3D /* Products */ = {
			isa = PBXGroup;
			children = (
				89C2423B29893418009BCB3D /* IForgot.app */,
				89C2424B29893419009BCB3D /* IForgotTests.xctest */,
				89C2425529893419009BCB3D /* IForgotUITests.xctest */,
			);
			name = Products;
			sourceTree = "<group>";
		};
		89C2423D29893418009BCB3D /* IForgot */ = {
			isa = PBXGroup;
			children = (
				BC88FEE0299CCFFD0045E337 /* resources */,
				89C24269298934D3009BCB3D /* Models */,
				89C242682989345F009BCB3D /* Views */,
				89C2424429893419009BCB3D /* Preview Content */,
			);
			path = IForgot;
			sourceTree = "<group>";
		};
		89C2424429893419009BCB3D /* Preview Content */ = {
			isa = PBXGroup;
			children = (
				89C2424529893419009BCB3D /* Preview Assets.xcassets */,
			);
			path = "Preview Content";
			sourceTree = "<group>";
		};
		89C2424E29893419009BCB3D /* IForgotTests */ = {
			isa = PBXGroup;
			children = (
				89C2424F29893419009BCB3D /* IForgotTests.swift */,
			);
			path = IForgotTests;
			sourceTree = "<group>";
		};
		89C2425829893419009BCB3D /* IForgotUITests */ = {
			isa = PBXGroup;
			children = (
				89C2425929893419009BCB3D /* IForgotUITests.swift */,
				89C2425B29893419009BCB3D /* IForgotUITestsLaunchTests.swift */,
			);
			path = IForgotUITests;
			sourceTree = "<group>";
		};
		89C242682989345F009BCB3D /* Views */ = {
			isa = PBXGroup;
			children = (
				89C2424029893418009BCB3D /* SplashView.swift */,
				BC88FEE7299CD8850045E337 /* DetailView.swift */,
				89D3B6A829B11D37005D5EBD /* DetailEditView.swift */,
				BC88FEF0299CE5D60045E337 /* ContentView.swift */,
				BCFC26F929AE0F260007D6A3 /* NasaList.swift */,
			);
			path = Views;
			sourceTree = "<group>";
		};
		89C24269298934D3009BCB3D /* Models */ = {
			isa = PBXGroup;
			children = (
				BC88FEEE299CDED60045E337 /* NasaAPIModel.swift */,
				894C3CC929B20F5B00A4D999 /* Storage.swift */,
			);
			path = Models;
			sourceTree = "<group>";
		};
		89C2426A298934F1009BCB3D /* Controllers */ = {
			isa = PBXGroup;
			children = (
				89C2423E29893418009BCB3D /* IForgotApp.swift */,
			);
			path = Controllers;
			sourceTree = "<group>";
		};
		BC88FEE0299CCFFD0045E337 /* resources */ = {
			isa = PBXGroup;
			children = (
				89C2426A298934F1009BCB3D /* Controllers */,
				89C2424229893419009BCB3D /* Assets.xcassets */,
			);
			path = resources;
			sourceTree = "<group>";
		};
/* End PBXGroup section */

/* Begin PBXNativeTarget section */
		89C2423A29893418009BCB3D /* IForgot */ = {
			isa = PBXNativeTarget;
			buildConfigurationList = 89C2425F29893419009BCB3D /* Build configuration list for PBXNativeTarget "IForgot" */;
			buildPhases = (
				89C2423729893418009BCB3D /* Sources */,
				89C2423829893418009BCB3D /* Frameworks */,
				89C2423929893418009BCB3D /* Resources */,
			);
			buildRules = (
			);
			dependencies = (
			);
			name = IForgot;
			packageProductDependencies = (
				BCA98AB729AE219F00E5176A /* WrappingHStack */,
			);
			productName = IForgot;
			productReference = 89C2423B29893418009BCB3D /* IForgot.app */;
			productType = "com.apple.product-type.application";
		};
		89C2424A29893419009BCB3D /* IForgotTests */ = {
			isa = PBXNativeTarget;
			buildConfigurationList = 89C2426229893419009BCB3D /* Build configuration list for PBXNativeTarget "IForgotTests" */;
			buildPhases = (
				89C2424729893419009BCB3D /* Sources */,
				89C2424829893419009BCB3D /* Frameworks */,
				89C2424929893419009BCB3D /* Resources */,
			);
			buildRules = (
			);
			dependencies = (
				89C2424D29893419009BCB3D /* PBXTargetDependency */,
			);
			name = IForgotTests;
			productName = IForgotTests;
			productReference = 89C2424B29893419009BCB3D /* IForgotTests.xctest */;
			productType = "com.apple.product-type.bundle.unit-test";
		};
		89C2425429893419009BCB3D /* IForgotUITests */ = {
			isa = PBXNativeTarget;
			buildConfigurationList = 89C2426529893419009BCB3D /* Build configuration list for PBXNativeTarget "IForgotUITests" */;
			buildPhases = (
				89C2425129893419009BCB3D /* Sources */,
				89C2425229893419009BCB3D /* Frameworks */,
				89C2425329893419009BCB3D /* Resources */,
			);
			buildRules = (
			);
			dependencies = (
				89C2425729893419009BCB3D /* PBXTargetDependency */,
			);
			name = IForgotUITests;
			productName = IForgotUITests;
			productReference = 89C2425529893419009BCB3D /* IForgotUITests.xctest */;
			productType = "com.apple.product-type.bundle.ui-testing";
		};
/* End PBXNativeTarget section */

/* Begin PBXProject section */
		89C2423329893418009BCB3D /* Project object */ = {
			isa = PBXProject;
			attributes = {
				BuildIndependentTargetsInParallel = 1;
				LastSwiftUpdateCheck = 1420;
				LastUpgradeCheck = 1420;
				TargetAttributes = {
					89C2423A29893418009BCB3D = {
						CreatedOnToolsVersion = 14.2;
					};
					89C2424A29893419009BCB3D = {
						CreatedOnToolsVersion = 14.2;
						TestTargetID = 89C2423A29893418009BCB3D;
					};
					89C2425429893419009BCB3D = {
						CreatedOnToolsVersion = 14.2;
						TestTargetID = 89C2423A29893418009BCB3D;
					};
				};
			};
			buildConfigurationList = 89C2423629893418009BCB3D /* Build configuration list for PBXProject "IForgot" */;
			compatibilityVersion = "Xcode 14.0";
			developmentRegion = en;
			hasScannedForEncodings = 0;
			knownRegions = (
				en,
				Base,
			);
			mainGroup = 89C2423229893418009BCB3D;
			packageReferences = (
				BCA98AB629AE219F00E5176A /* XCRemoteSwiftPackageReference "WrappingHStack" */,
			);
			productRefGroup = 89C2423C29893418009BCB3D /* Products */;
			projectDirPath = "";
			projectRoot = "";
			targets = (
				89C2423A29893418009BCB3D /* IForgot */,
				89C2424A29893419009BCB3D /* IForgotTests */,
				89C2425429893419009BCB3D /* IForgotUITests */,
			);
		};
/* End PBXProject section */

/* Begin PBXResourcesBuildPhase section */
		89C2423929893418009BCB3D /* Resources */ = {
			isa = PBXResourcesBuildPhase;
			buildActionMask = 2147483647;
			files = (
				89C2424629893419009BCB3D /* Preview Assets.xcassets in Resources */,
				89C2424329893419009BCB3D /* Assets.xcassets in Resources */,
			);
			runOnlyForDeploymentPostprocessing = 0;
		};
		89C2424929893419009BCB3D /* Resources */ = {
			isa = PBXResourcesBuildPhase;
			buildActionMask = 2147483647;
			files = (
			);
			runOnlyForDeploymentPostprocessing = 0;
		};
		89C2425329893419009BCB3D /* Resources */ = {
			isa = PBXResourcesBuildPhase;
			buildActionMask = 2147483647;
			files = (
			);
			runOnlyForDeploymentPostprocessing = 0;
		};
/* End PBXResourcesBuildPhase section */

/* Begin PBXSourcesBuildPhase section */
		89C2423729893418009BCB3D /* Sources */ = {
			isa = PBXSourcesBuildPhase;
			buildActionMask = 2147483647;
			files = (
				89C2424129893418009BCB3D /* SplashView.swift in Sources */,
				BC88FEF1299CE5D60045E337 /* ContentView.swift in Sources */,
				89D3B6A929B11D37005D5EBD /* DetailEditView.swift in Sources */,
				BCFC26FA29AE0F260007D6A3 /* NasaList.swift in Sources */,
				BC88FEE8299CD8850045E337 /* DetailView.swift in Sources */,
				894C3CCA29B20F5B00A4D999 /* Storage.swift in Sources */,
				89C2423F29893418009BCB3D /* IForgotApp.swift in Sources */,
				BCFC26F829AE0C6A0007D6A3 /* NasaAPIModel.swift in Sources */,
			);
			runOnlyForDeploymentPostprocessing = 0;
		};
		89C2424729893419009BCB3D /* Sources */ = {
			isa = PBXSourcesBuildPhase;
			buildActionMask = 2147483647;
			files = (
				89C2425029893419009BCB3D /* IForgotTests.swift in Sources */,
			);
			runOnlyForDeploymentPostprocessing = 0;
		};
		89C2425129893419009BCB3D /* Sources */ = {
			isa = PBXSourcesBuildPhase;
			buildActionMask = 2147483647;
			files = (
				89C2425A29893419009BCB3D /* IForgotUITests.swift in Sources */,
				89C2425C29893419009BCB3D /* IForgotUITestsLaunchTests.swift in Sources */,
			);
			runOnlyForDeploymentPostprocessing = 0;
		};
/* End PBXSourcesBuildPhase section */

/* Begin PBXTargetDependency section */
		89C2424D29893419009BCB3D /* PBXTargetDependency */ = {
			isa = PBXTargetDependency;
			target = 89C2423A29893418009BCB3D /* IForgot */;
			targetProxy = 89C2424C29893419009BCB3D /* PBXContainerItemProxy */;
		};
		89C2425729893419009BCB3D /* PBXTargetDependency */ = {
			isa = PBXTargetDependency;
			target = 89C2423A29893418009BCB3D /* IForgot */;
			targetProxy = 89C2425629893419009BCB3D /* PBXContainerItemProxy */;
		};
/* End PBXTargetDependency section */

/* Begin XCBuildConfiguration section */
		89C2425D29893419009BCB3D /* Debug */ = {
			isa = XCBuildConfiguration;
			buildSettings = {
				ALWAYS_SEARCH_USER_PATHS = NO;
				CLANG_ANALYZER_NONNULL = YES;
				CLANG_ANALYZER_NUMBER_OBJECT_CONVERSION = YES_AGGRESSIVE;
				CLANG_CXX_LANGUAGE_STANDARD = "gnu++20";
				CLANG_ENABLE_MODULES = YES;
				CLANG_ENABLE_OBJC_ARC = YES;
				CLANG_ENABLE_OBJC_WEAK = YES;
				CLANG_WARN_BLOCK_CAPTURE_AUTORELEASING = YES;
				CLANG_WARN_BOOL_CONVERSION = YES;
				CLANG_WARN_COMMA = YES;
				CLANG_WARN_CONSTANT_CONVERSION = YES;
				CLANG_WARN_DEPRECATED_OBJC_IMPLEMENTATIONS = YES;
				CLANG_WARN_DIRECT_OBJC_ISA_USAGE = YES_ERROR;
				CLANG_WARN_DOCUMENTATION_COMMENTS = YES;
				CLANG_WARN_EMPTY_BODY = YES;
				CLANG_WARN_ENUM_CONVERSION = YES;
				CLANG_WARN_INFINITE_RECURSION = YES;
				CLANG_WARN_INT_CONVERSION = YES;
				CLANG_WARN_NON_LITERAL_NULL_CONVERSION = YES;
				CLANG_WARN_OBJC_IMPLICIT_RETAIN_SELF = YES;
				CLANG_WARN_OBJC_LITERAL_CONVERSION = YES;
				CLANG_WARN_OBJC_ROOT_CLASS = YES_ERROR;
				CLANG_WARN_QUOTED_INCLUDE_IN_FRAMEWORK_HEADER = YES;
				CLANG_WARN_RANGE_LOOP_ANALYSIS = YES;
				CLANG_WARN_STRICT_PROTOTYPES = YES;
				CLANG_WARN_SUSPICIOUS_MOVE = YES;
				CLANG_WARN_UNGUARDED_AVAILABILITY = YES_AGGRESSIVE;
				CLANG_WARN_UNREACHABLE_CODE = YES;
				CLANG_WARN__DUPLICATE_METHOD_MATCH = YES;
				COPY_PHASE_STRIP = NO;
				DEBUG_INFORMATION_FORMAT = dwarf;
				ENABLE_STRICT_OBJC_MSGSEND = YES;
				ENABLE_TESTABILITY = YES;
				GCC_C_LANGUAGE_STANDARD = gnu11;
				GCC_DYNAMIC_NO_PIC = NO;
				GCC_NO_COMMON_BLOCKS = YES;
				GCC_OPTIMIZATION_LEVEL = 0;
				GCC_PREPROCESSOR_DEFINITIONS = (
					"DEBUG=1",
					"$(inherited)",
				);
				GCC_WARN_64_TO_32_BIT_CONVERSION = YES;
				GCC_WARN_ABOUT_RETURN_TYPE = YES_ERROR;
				GCC_WARN_UNDECLARED_SELECTOR = YES;
				GCC_WARN_UNINITIALIZED_AUTOS = YES_AGGRESSIVE;
				GCC_WARN_UNUSED_FUNCTION = YES;
				GCC_WARN_UNUSED_VARIABLE = YES;
				IPHONEOS_DEPLOYMENT_TARGET = 16.2;
				MTL_ENABLE_DEBUG_INFO = INCLUDE_SOURCE;
				MTL_FAST_MATH = YES;
				ONLY_ACTIVE_ARCH = YES;
				SDKROOT = iphoneos;
				SWIFT_ACTIVE_COMPILATION_CONDITIONS = DEBUG;
				SWIFT_OPTIMIZATION_LEVEL = "-Onone";
			};
			name = Debug;
		};
		89C2425E29893419009BCB3D /* Release */ = {
			isa = XCBuildConfiguration;
			buildSettings = {
				ALWAYS_SEARCH_USER_PATHS = NO;
				CLANG_ANALYZER_NONNULL = YES;
				CLANG_ANALYZER_NUMBER_OBJECT_CONVERSION = YES_AGGRESSIVE;
				CLANG_CXX_LANGUAGE_STANDARD = "gnu++20";
				CLANG_ENABLE_MODULES = YES;
				CLANG_ENABLE_OBJC_ARC = YES;
				CLANG_ENABLE_OBJC_WEAK = YES;
				CLANG_WARN_BLOCK_CAPTURE_AUTORELEASING = YES;
				CLANG_WARN_BOOL_CONVERSION = YES;
				CLANG_WARN_COMMA = YES;
				CLANG_WARN_CONSTANT_CONVERSION = YES;
				CLANG_WARN_DEPRECATED_OBJC_IMPLEMENTATIONS = YES;
				CLANG_WARN_DIRECT_OBJC_ISA_USAGE = YES_ERROR;
				CLANG_WARN_DOCUMENTATION_COMMENTS = YES;
				CLANG_WARN_EMPTY_BODY = YES;
				CLANG_WARN_ENUM_CONVERSION = YES;
				CLANG_WARN_INFINITE_RECURSION = YES;
				CLANG_WARN_INT_CONVERSION = YES;
				CLANG_WARN_NON_LITERAL_NULL_CONVERSION = YES;
				CLANG_WARN_OBJC_IMPLICIT_RETAIN_SELF = YES;
				CLANG_WARN_OBJC_LITERAL_CONVERSION = YES;
				CLANG_WARN_OBJC_ROOT_CLASS = YES_ERROR;
				CLANG_WARN_QUOTED_INCLUDE_IN_FRAMEWORK_HEADER = YES;
				CLANG_WARN_RANGE_LOOP_ANALYSIS = YES;
				CLANG_WARN_STRICT_PROTOTYPES = YES;
				CLANG_WARN_SUSPICIOUS_MOVE = YES;
				CLANG_WARN_UNGUARDED_AVAILABILITY = YES_AGGRESSIVE;
				CLANG_WARN_UNREACHABLE_CODE = YES;
				CLANG_WARN__DUPLICATE_METHOD_MATCH = YES;
				COPY_PHASE_STRIP = NO;
				DEBUG_INFORMATION_FORMAT = "dwarf-with-dsym";
				ENABLE_NS_ASSERTIONS = NO;
				ENABLE_STRICT_OBJC_MSGSEND = YES;
				GCC_C_LANGUAGE_STANDARD = gnu11;
				GCC_NO_COMMON_BLOCKS = YES;
				GCC_WARN_64_TO_32_BIT_CONVERSION = YES;
				GCC_WARN_ABOUT_RETURN_TYPE = YES_ERROR;
				GCC_WARN_UNDECLARED_SELECTOR = YES;
				GCC_WARN_UNINITIALIZED_AUTOS = YES_AGGRESSIVE;
				GCC_WARN_UNUSED_FUNCTION = YES;
				GCC_WARN_UNUSED_VARIABLE = YES;
				IPHONEOS_DEPLOYMENT_TARGET = 16.2;
				MTL_ENABLE_DEBUG_INFO = NO;
				MTL_FAST_MATH = YES;
				SDKROOT = iphoneos;
				SWIFT_COMPILATION_MODE = wholemodule;
				SWIFT_OPTIMIZATION_LEVEL = "-O";
				VALIDATE_PRODUCT = YES;
			};
			name = Release;
		};
		89C2426029893419009BCB3D /* Debug */ = {
			isa = XCBuildConfiguration;
			buildSettings = {
				ASSETCATALOG_COMPILER_APPICON_NAME = AppIcon;
				ASSETCATALOG_COMPILER_GLOBAL_ACCENT_COLOR_NAME = AccentColor;
				CODE_SIGN_STYLE = Automatic;
				CURRENT_PROJECT_VERSION = 1;
				DEVELOPMENT_ASSET_PATHS = "\"IForgot/Preview Content\"";
				ENABLE_PREVIEWS = YES;
				GENERATE_INFOPLIST_FILE = YES;
				INFOPLIST_KEY_UIApplicationSceneManifest_Generation = YES;
				INFOPLIST_KEY_UIApplicationSupportsIndirectInputEvents = YES;
				INFOPLIST_KEY_UILaunchScreen_Generation = YES;
				INFOPLIST_KEY_UISupportedInterfaceOrientations_iPad = "UIInterfaceOrientationPortrait UIInterfaceOrientationPortraitUpsideDown UIInterfaceOrientationLandscapeLeft UIInterfaceOrientationLandscapeRight";
				INFOPLIST_KEY_UISupportedInterfaceOrientations_iPhone = "UIInterfaceOrientationPortrait UIInterfaceOrientationLandscapeLeft UIInterfaceOrientationLandscapeRight";
				LD_RUNPATH_SEARCH_PATHS = (
					"$(inherited)",
					"@executable_path/Frameworks",
				);
				MARKETING_VERSION = 1.0;
				PRODUCT_BUNDLE_IDENTIFIER = JedrekAndMarijn.IForgot;
				PRODUCT_NAME = "$(TARGET_NAME)";
				SWIFT_EMIT_LOC_STRINGS = YES;
				SWIFT_VERSION = 5.0;
				TARGETED_DEVICE_FAMILY = "1,2";
			};
			name = Debug;
		};
		89C2426129893419009BCB3D /* Release */ = {
			isa = XCBuildConfiguration;
			buildSettings = {
				ASSETCATALOG_COMPILER_APPICON_NAME = AppIcon;
				ASSETCATALOG_COMPILER_GLOBAL_ACCENT_COLOR_NAME = AccentColor;
				CODE_SIGN_STYLE = Automatic;
				CURRENT_PROJECT_VERSION = 1;
				DEVELOPMENT_ASSET_PATHS = "\"IForgot/Preview Content\"";
				ENABLE_PREVIEWS = YES;
				GENERATE_INFOPLIST_FILE = YES;
				INFOPLIST_KEY_UIApplicationSceneManifest_Generation = YES;
				INFOPLIST_KEY_UIApplicationSupportsIndirectInputEvents = YES;
				INFOPLIST_KEY_UILaunchScreen_Generation = YES;
				INFOPLIST_KEY_UISupportedInterfaceOrientations_iPad = "UIInterfaceOrientationPortrait UIInterfaceOrientationPortraitUpsideDown UIInterfaceOrientationLandscapeLeft UIInterfaceOrientationLandscapeRight";
				INFOPLIST_KEY_UISupportedInterfaceOrientations_iPhone = "UIInterfaceOrientationPortrait UIInterfaceOrientationLandscapeLeft UIInterfaceOrientationLandscapeRight";
				LD_RUNPATH_SEARCH_PATHS = (
					"$(inherited)",
					"@executable_path/Frameworks",
				);
				MARKETING_VERSION = 1.0;
				PRODUCT_BUNDLE_IDENTIFIER = JedrekAndMarijn.IForgot;
				PRODUCT_NAME = "$(TARGET_NAME)";
				SWIFT_EMIT_LOC_STRINGS = YES;
				SWIFT_VERSION = 5.0;
				TARGETED_DEVICE_FAMILY = "1,2";
			};
			name = Release;
		};
		89C2426329893419009BCB3D /* Debug */ = {
			isa = XCBuildConfiguration;
			buildSettings = {
				ALWAYS_EMBED_SWIFT_STANDARD_LIBRARIES = YES;
				BUNDLE_LOADER = "$(TEST_HOST)";
				CODE_SIGN_STYLE = Automatic;
				CURRENT_PROJECT_VERSION = 1;
				GENERATE_INFOPLIST_FILE = YES;
				IPHONEOS_DEPLOYMENT_TARGET = 16.2;
				MARKETING_VERSION = 1.0;
				PRODUCT_BUNDLE_IDENTIFIER = JedrekAndMarijn.IForgotTests;
				PRODUCT_NAME = "$(TARGET_NAME)";
				SWIFT_EMIT_LOC_STRINGS = NO;
				SWIFT_VERSION = 5.0;
				TARGETED_DEVICE_FAMILY = "1,2";
				TEST_HOST = "$(BUILT_PRODUCTS_DIR)/IForgot.app/$(BUNDLE_EXECUTABLE_FOLDER_PATH)/IForgot";
			};
			name = Debug;
		};
		89C2426429893419009BCB3D /* Release */ = {
			isa = XCBuildConfiguration;
			buildSettings = {
				ALWAYS_EMBED_SWIFT_STANDARD_LIBRARIES = YES;
				BUNDLE_LOADER = "$(TEST_HOST)";
				CODE_SIGN_STYLE = Automatic;
				CURRENT_PROJECT_VERSION = 1;
				GENERATE_INFOPLIST_FILE = YES;
				IPHONEOS_DEPLOYMENT_TARGET = 16.2;
				MARKETING_VERSION = 1.0;
				PRODUCT_BUNDLE_IDENTIFIER = JedrekAndMarijn.IForgotTests;
				PRODUCT_NAME = "$(TARGET_NAME)";
				SWIFT_EMIT_LOC_STRINGS = NO;
				SWIFT_VERSION = 5.0;
				TARGETED_DEVICE_FAMILY = "1,2";
				TEST_HOST = "$(BUILT_PRODUCTS_DIR)/IForgot.app/$(BUNDLE_EXECUTABLE_FOLDER_PATH)/IForgot";
			};
			name = Release;
		};
		89C2426629893419009BCB3D /* Debug */ = {
			isa = XCBuildConfiguration;
			buildSettings = {
				ALWAYS_EMBED_SWIFT_STANDARD_LIBRARIES = YES;
				CODE_SIGN_STYLE = Automatic;
				CURRENT_PROJECT_VERSION = 1;
				GENERATE_INFOPLIST_FILE = YES;
				MARKETING_VERSION = 1.0;
				PRODUCT_BUNDLE_IDENTIFIER = JedrekAndMarijn.IForgotUITests;
				PRODUCT_NAME = "$(TARGET_NAME)";
				SWIFT_EMIT_LOC_STRINGS = NO;
				SWIFT_VERSION = 5.0;
				TARGETED_DEVICE_FAMILY = "1,2";
				TEST_TARGET_NAME = IForgot;
			};
			name = Debug;
		};
		89C2426729893419009BCB3D /* Release */ = {
			isa = XCBuildConfiguration;
			buildSettings = {
				ALWAYS_EMBED_SWIFT_STANDARD_LIBRARIES = YES;
				CODE_SIGN_STYLE = Automatic;
				CURRENT_PROJECT_VERSION = 1;
				GENERATE_INFOPLIST_FILE = YES;
				MARKETING_VERSION = 1.0;
				PRODUCT_BUNDLE_IDENTIFIER = JedrekAndMarijn.IForgotUITests;
				PRODUCT_NAME = "$(TARGET_NAME)";
				SWIFT_EMIT_LOC_STRINGS = NO;
				SWIFT_VERSION = 5.0;
				TARGETED_DEVICE_FAMILY = "1,2";
				TEST_TARGET_NAME = IForgot;
			};
			name = Release;
		};
/* End XCBuildConfiguration section */

/* Begin XCConfigurationList section */
		89C2423629893418009BCB3D /* Build configuration list for PBXProject "IForgot" */ = {
			isa = XCConfigurationList;
			buildConfigurations = (
				89C2425D29893419009BCB3D /* Debug */,
				89C2425E29893419009BCB3D /* Release */,
			);
			defaultConfigurationIsVisible = 0;
			defaultConfigurationName = Release;
		};
		89C2425F29893419009BCB3D /* Build configuration list for PBXNativeTarget "IForgot" */ = {
			isa = XCConfigurationList;
			buildConfigurations = (
				89C2426029893419009BCB3D /* Debug */,
				89C2426129893419009BCB3D /* Release */,
			);
			defaultConfigurationIsVisible = 0;
			defaultConfigurationName = Release;
		};
		89C2426229893419009BCB3D /* Build configuration list for PBXNativeTarget "IForgotTests" */ = {
			isa = XCConfigurationList;
			buildConfigurations = (
				89C2426329893419009BCB3D /* Debug */,
				89C2426429893419009BCB3D /* Release */,
			);
			defaultConfigurationIsVisible = 0;
			defaultConfigurationName = Release;
		};
		89C2426529893419009BCB3D /* Build configuration list for PBXNativeTarget "IForgotUITests" */ = {
			isa = XCConfigurationList;
			buildConfigurations = (
				89C2426629893419009BCB3D /* Debug */,
				89C2426729893419009BCB3D /* Release */,
			);
			defaultConfigurationIsVisible = 0;
			defaultConfigurationName = Release;
		};
/* End XCConfigurationList section */

/* Begin XCRemoteSwiftPackageReference section */
		BCA98AB629AE219F00E5176A /* XCRemoteSwiftPackageReference "WrappingHStack" */ = {
			isa = XCRemoteSwiftPackageReference;
			repositoryURL = "https://github.com/dkk/WrappingHStack";
			requirement = {
				kind = upToNextMajorVersion;
				minimumVersion = 2.0.0;
			};
		};
/* End XCRemoteSwiftPackageReference section */

/* Begin XCSwiftPackageProductDependency section */
		BCA98AB729AE219F00E5176A /* WrappingHStack */ = {
			isa = XCSwiftPackageProductDependency;
			package = BCA98AB629AE219F00E5176A /* XCRemoteSwiftPackageReference "WrappingHStack" */;
			productName = WrappingHStack;
		};
/* End XCSwiftPackageProductDependency section */
	};
	rootObject = 89C2423329893418009BCB3D /* Project object */;
}
